// !$*UTF8*$!
{
	archiveVersion = 1;
	classes = {
	};
	objectVersion = 56;
	objects = {

/* Begin PBXBuildFile section */
		1B43ED4B2F43B41500122AE3 /* AttractionImageView.swift in Sources */ = {isa = PBXBuildFile; fileRef = 1B43ED4A2F43B41500122AE3 /* AttractionImageView.swift */; };
		1B43ED4D2F43CC2400122AE3 /* AttractionMapper.swift in Sources */ = {isa = PBXBuildFile; fileRef = 1B43ED4C2F43CC2400122AE3 /* AttractionMapper.swift */; };
		1B43ED512F43D36000122AE3 /* AppError.swift in Sources */ = {isa = PBXBuildFile; fileRef = 1B43ED502F43D36000122AE3 /* AppError.swift */; };
		1B43ED552F43D99100122AE3 /* WishListManagerProtocol.swift in Sources */ = {isa = PBXBuildFile; fileRef = 1B43ED542F43D99100122AE3 /* WishListManagerProtocol.swift */; };
		1B43ED5D2F43E32C00122AE3 /* MockAttraction.swift in Sources */ = {isa = PBXBuildFile; fileRef = 1B43ED5C2F43E32C00122AE3 /* MockAttraction.swift */; };
		1B80F18E2F40A5F2009A1234 /* WishListApp.swift in Sources */ = {isa = PBXBuildFile; fileRef = 1B80F18D2F40A5F2009A1234 /* WishListApp.swift */; };
		1B80F1902F40A5F2009A1234 /* WishListView.swift in Sources */ = {isa = PBXBuildFile; fileRef = 1B80F18F2F40A5F2009A1234 /* WishListView.swift */; };
		1B80F1922F40A5F4009A1234 /* Assets.xcassets in Resources */ = {isa = PBXBuildFile; fileRef = 1B80F1912F40A5F4009A1234 /* Assets.xcassets */; };
		1B80F1952F40A5F4009A1234 /* Preview Assets.xcassets in Resources */ = {isa = PBXBuildFile; fileRef = 1B80F1942F40A5F4009A1234 /* Preview Assets.xcassets */; };
		1B80F19F2F40A5F5009A1234 /* WishListManagerTests.swift in Sources */ = {isa = PBXBuildFile; fileRef = 1B80F19E2F40A5F5009A1234 /* WishListManagerTests.swift */; };
		1B80F1B82F411B5B009A1234 /* OfferingsResponse.swift in Sources */ = {isa = PBXBuildFile; fileRef = 1B80F1B72F411B5B009A1234 /* OfferingsResponse.swift */; };
		1B80F1BA2F411BC6009A1234 /* WishListManager.swift in Sources */ = {isa = PBXBuildFile; fileRef = 1B80F1B92F411BC5009A1234 /* WishListManager.swift */; };
		1B80F1BC2F411BE5009A1234 /* AttractionCardView.swift in Sources */ = {isa = PBXBuildFile; fileRef = 1B80F1BB2F411BE5009A1234 /* AttractionCardView.swift */; };
		1B80F1BE2F411C18009A1234 /* AttractionDetailView.swift in Sources */ = {isa = PBXBuildFile; fileRef = 1B80F1BD2F411C18009A1234 /* AttractionDetailView.swift */; };
		1B80F1C22F411D44009A1234 /* AttractionsListView.swift in Sources */ = {isa = PBXBuildFile; fileRef = 1B80F1C12F411D44009A1234 /* AttractionsListView.swift */; };
		1B80F1C62F411E84009A1234 /* offerings.json in Resources */ = {isa = PBXBuildFile; fileRef = 1B80F1C52F411E84009A1234 /* offerings.json */; };
		1B80F1CE2F41204A009A1234 /* AttractionDataLoader.swift in Sources */ = {isa = PBXBuildFile; fileRef = 1B80F1CD2F41204A009A1234 /* AttractionDataLoader.swift */; };
		1B80F1D02F4122FE009A1234 /* Currency.swift in Sources */ = {isa = PBXBuildFile; fileRef = 1B80F1CF2F4122FE009A1234 /* Currency.swift */; };
		1B80F1D22F412658009A1234 /* AttractionType.swift in Sources */ = {isa = PBXBuildFile; fileRef = 1B80F1D12F412658009A1234 /* AttractionType.swift */; };
		1B80F1D42F412970009A1234 /* Attraction.swift in Sources */ = {isa = PBXBuildFile; fileRef = 1B80F1D32F412970009A1234 /* Attraction.swift */; };
		1B80F1D62F4143AF009A1234 /* EmptyWishListView.swift in Sources */ = {isa = PBXBuildFile; fileRef = 1B80F1D52F4143AF009A1234 /* EmptyWishListView.swift */; };
		1B80F1D82F41441E009A1234 /* WishListCardView.swift in Sources */ = {isa = PBXBuildFile; fileRef = 1B80F1D72F41441E009A1234 /* WishListCardView.swift */; };
/* End PBXBuildFile section */

/* Begin PBXContainerItemProxy section */
		1B80F19B2F40A5F5009A1234 /* PBXContainerItemProxy */ = {
			isa = PBXContainerItemProxy;
			containerPortal = 1B80F1822F40A5F2009A1234 /* Project object */;
			proxyType = 1;
			remoteGlobalIDString = 1B80F1892F40A5F2009A1234;
			remoteInfo = WishList;
		};
/* End PBXContainerItemProxy section */

/* Begin PBXFileReference section */
		1B43ED4A2F43B41500122AE3 /* AttractionImageView.swift */ = {isa = PBXFileReference; lastKnownFileType = sourcecode.swift; path = AttractionImageView.swift; sourceTree = "<group>"; };
		1B43ED4C2F43CC2400122AE3 /* AttractionMapper.swift */ = {isa = PBXFileReference; lastKnownFileType = sourcecode.swift; path = AttractionMapper.swift; sourceTree = "<group>"; };
		1B43ED502F43D36000122AE3 /* AppError.swift */ = {isa = PBXFileReference; lastKnownFileType = sourcecode.swift; path = AppError.swift; sourceTree = "<group>"; };
		1B43ED542F43D99100122AE3 /* WishListManagerProtocol.swift */ = {isa = PBXFileReference; lastKnownFileType = sourcecode.swift; path = WishListManagerProtocol.swift; sourceTree = "<group>"; };
		1B43ED5C2F43E32C00122AE3 /* MockAttraction.swift */ = {isa = PBXFileReference; lastKnownFileType = sourcecode.swift; path = MockAttraction.swift; sourceTree = "<group>"; };
		1B80F18A2F40A5F2009A1234 /* WishList.app */ = {isa = PBXFileReference; explicitFileType = wrapper.application; includeInIndex = 0; path = WishList.app; sourceTree = BUILT_PRODUCTS_DIR; };
		1B80F18D2F40A5F2009A1234 /* WishListApp.swift */ = {isa = PBXFileReference; lastKnownFileType = sourcecode.swift; path = WishListApp.swift; sourceTree = "<group>"; };
		1B80F18F2F40A5F2009A1234 /* WishListView.swift */ = {isa = PBXFileReference; lastKnownFileType = sourcecode.swift; path = WishListView.swift; sourceTree = "<group>"; };
		1B80F1912F40A5F4009A1234 /* Assets.xcassets */ = {isa = PBXFileReference; lastKnownFileType = folder.assetcatalog; path = Assets.xcassets; sourceTree = "<group>"; };
		1B80F1942F40A5F4009A1234 /* Preview Assets.xcassets */ = {isa = PBXFileReference; lastKnownFileType = folder.assetcatalog; path = "Preview Assets.xcassets"; sourceTree = "<group>"; };
		1B80F19A2F40A5F5009A1234 /* WishListTests.xctest */ = {isa = PBXFileReference; explicitFileType = wrapper.cfbundle; includeInIndex = 0; path = WishListTests.xctest; sourceTree = BUILT_PRODUCTS_DIR; };
		1B80F19E2F40A5F5009A1234 /* WishListManagerTests.swift */ = {isa = PBXFileReference; lastKnownFileType = sourcecode.swift; path = WishListManagerTests.swift; sourceTree = "<group>"; };
		1B80F1B72F411B5B009A1234 /* OfferingsResponse.swift */ = {isa = PBXFileReference; lastKnownFileType = sourcecode.swift; path = OfferingsResponse.swift; sourceTree = "<group>"; };
		1B80F1B92F411BC5009A1234 /* WishListManager.swift */ = {isa = PBXFileReference; lastKnownFileType = sourcecode.swift; path = WishListManager.swift; sourceTree = "<group>"; };
		1B80F1BB2F411BE5009A1234 /* AttractionCardView.swift */ = {isa = PBXFileReference; lastKnownFileType = sourcecode.swift; path = AttractionCardView.swift; sourceTree = "<group>"; };
		1B80F1BD2F411C18009A1234 /* AttractionDetailView.swift */ = {isa = PBXFileReference; lastKnownFileType = sourcecode.swift; path = AttractionDetailView.swift; sourceTree = "<group>"; };
		1B80F1C12F411D44009A1234 /* AttractionsListView.swift */ = {isa = PBXFileReference; lastKnownFileType = sourcecode.swift; path = AttractionsListView.swift; sourceTree = "<group>"; };
		1B80F1C52F411E84009A1234 /* offerings.json */ = {isa = PBXFileReference; fileEncoding = 4; lastKnownFileType = text.json; name = offerings.json; path = ../../../../../../Downloads/offerings.json; sourceTree = "<group>"; };
		1B80F1CD2F41204A009A1234 /* AttractionDataLoader.swift */ = {isa = PBXFileReference; lastKnownFileType = sourcecode.swift; path = AttractionDataLoader.swift; sourceTree = "<group>"; };
		1B80F1CF2F4122FE009A1234 /* Currency.swift */ = {isa = PBXFileReference; lastKnownFileType = sourcecode.swift; path = Currency.swift; sourceTree = "<group>"; };
		1B80F1D12F412658009A1234 /* AttractionType.swift */ = {isa = PBXFileReference; lastKnownFileType = sourcecode.swift; path = AttractionType.swift; sourceTree = "<group>"; };
		1B80F1D32F412970009A1234 /* Attraction.swift */ = {isa = PBXFileReference; lastKnownFileType = sourcecode.swift; path = Attraction.swift; sourceTree = "<group>"; };
		1B80F1D52F4143AF009A1234 /* EmptyWishListView.swift */ = {isa = PBXFileReference; lastKnownFileType = sourcecode.swift; path = EmptyWishListView.swift; sourceTree = "<group>"; };
		1B80F1D72F41441E009A1234 /* WishListCardView.swift */ = {isa = PBXFileReference; lastKnownFileType = sourcecode.swift; path = WishListCardView.swift; sourceTree = "<group>"; };
/* End PBXFileReference section */

/* Begin PBXFrameworksBuildPhase section */
		1B80F1872F40A5F2009A1234 /* Frameworks */ = {
			isa = PBXFrameworksBuildPhase;
			buildActionMask = 2147483647;
			files = (
			);
			runOnlyForDeploymentPostprocessing = 0;
		};
		1B80F1972F40A5F5009A1234 /* Frameworks */ = {
			isa = PBXFrameworksBuildPhase;
			buildActionMask = 2147483647;
			files = (
			);
			runOnlyForDeploymentPostprocessing = 0;
		};
/* End PBXFrameworksBuildPhase section */

/* Begin PBXGroup section */
		1B43ED4E2F43CDAE00122AE3 /* Mapper */ = {
			isa = PBXGroup;
			children = (
				1B43ED4C2F43CC2400122AE3 /* AttractionMapper.swift */,
			);
			path = Mapper;
			sourceTree = "<group>";
		};
		1B43ED4F2F43CDF100122AE3 /* WishList */ = {
			isa = PBXGroup;
			children = (
				1B80F18F2F40A5F2009A1234 /* WishListView.swift */,
				1B80F1D52F4143AF009A1234 /* EmptyWishListView.swift */,
				1B80F1D72F41441E009A1234 /* WishListCardView.swift */,
			);
			path = WishList;
			sourceTree = "<group>";
		};
		1B43ED522F43D36500122AE3 /* Error */ = {
			isa = PBXGroup;
			children = (
				1B43ED502F43D36000122AE3 /* AppError.swift */,
			);
			path = Error;
			sourceTree = "<group>";
		};
		1B43ED532F43D97F00122AE3 /* Protoccols */ = {
			isa = PBXGroup;
			children = (
				1B43ED542F43D99100122AE3 /* WishListManagerProtocol.swift */,
			);
			path = Protoccols;
			sourceTree = "<group>";
		};
		1B43ED5B2F43E31D00122AE3 /* Mocks */ = {
			isa = PBXGroup;
			children = (
				1B43ED5C2F43E32C00122AE3 /* MockAttraction.swift */,
			);
			path = Mocks;
			sourceTree = "<group>";
		};
		1B80F1812F40A5F2009A1234 = {
			isa = PBXGroup;
			children = (
				1B80F18C2F40A5F2009A1234 /* WishList */,
				1B80F19D2F40A5F5009A1234 /* WishListTests */,
				1B80F18B2F40A5F2009A1234 /* Products */,
			);
			sourceTree = "<group>";
		};
		1B80F18B2F40A5F2009A1234 /* Products */ = {
			isa = PBXGroup;
			children = (
				1B80F18A2F40A5F2009A1234 /* WishList.app */,
				1B80F19A2F40A5F5009A1234 /* WishListTests.xctest */,
			);
			name = Products;
			sourceTree = "<group>";
		};
		1B80F18C2F40A5F2009A1234 /* WishList */ = {
			isa = PBXGroup;
			children = (
				1B43ED5B2F43E31D00122AE3 /* Mocks */,
				1B43ED532F43D97F00122AE3 /* Protoccols */,
				1B43ED522F43D36500122AE3 /* Error */,
				1B43ED4E2F43CDAE00122AE3 /* Mapper */,
				1B80F1C82F411F96009A1234 /* Enums */,
				1B80F1C72F411E9D009A1234 /* Services */,
				1B80F1C42F411E62009A1234 /* Model */,
				1B80F1C32F411E3B009A1234 /* Views */,
				1B80F18D2F40A5F2009A1234 /* WishListApp.swift */,
				1B80F1912F40A5F4009A1234 /* Assets.xcassets */,
				1B80F1932F40A5F4009A1234 /* Preview Content */,
			);
			path = WishList;
			sourceTree = "<group>";
		};
		1B80F1932F40A5F4009A1234 /* Preview Content */ = {
			isa = PBXGroup;
			children = (
				1B80F1942F40A5F4009A1234 /* Preview Assets.xcassets */,
			);
			path = "Preview Content";
			sourceTree = "<group>";
		};
		1B80F19D2F40A5F5009A1234 /* WishListTests */ = {
			isa = PBXGroup;
			children = (
				1B80F19E2F40A5F5009A1234 /* WishListManagerTests.swift */,
			);
			path = WishListTests;
			sourceTree = "<group>";
		};
		1B80F1C32F411E3B009A1234 /* Views */ = {
			isa = PBXGroup;
			children = (
				1B43ED4F2F43CDF100122AE3 /* WishList */,
				1B80F1BB2F411BE5009A1234 /* AttractionCardView.swift */,
				1B80F1BD2F411C18009A1234 /* AttractionDetailView.swift */,
				1B80F1C12F411D44009A1234 /* AttractionsListView.swift */,
				1B43ED4A2F43B41500122AE3 /* AttractionImageView.swift */,
			);
			path = Views;
			sourceTree = "<group>";
		};
		1B80F1C42F411E62009A1234 /* Model */ = {
			isa = PBXGroup;
			children = (
				1B80F1C52F411E84009A1234 /* offerings.json */,
				1B80F1B72F411B5B009A1234 /* OfferingsResponse.swift */,
				1B80F1D32F412970009A1234 /* Attraction.swift */,
			);
			path = Model;
			sourceTree = "<group>";
		};
		1B80F1C72F411E9D009A1234 /* Services */ = {
			isa = PBXGroup;
			children = (
				1B80F1B92F411BC5009A1234 /* WishListManager.swift */,
				1B80F1CD2F41204A009A1234 /* AttractionDataLoader.swift */,
			);
			path = Services;
			sourceTree = "<group>";
		};
		1B80F1C82F411F96009A1234 /* Enums */ = {
			isa = PBXGroup;
			children = (
				1B80F1CF2F4122FE009A1234 /* Currency.swift */,
				1B80F1D12F412658009A1234 /* AttractionType.swift */,
			);
			path = Enums;
			sourceTree = "<group>";
		};
/* End PBXGroup section */

/* Begin PBXNativeTarget section */
		1B80F1892F40A5F2009A1234 /* WishList */ = {
			isa = PBXNativeTarget;
			buildConfigurationList = 1B80F1AE2F40A5F5009A1234 /* Build configuration list for PBXNativeTarget "WishList" */;
			buildPhases = (
				1B80F1862F40A5F2009A1234 /* Sources */,
				1B80F1872F40A5F2009A1234 /* Frameworks */,
				1B80F1882F40A5F2009A1234 /* Resources */,
			);
			buildRules = (
			);
			dependencies = (
			);
			name = WishList;
			productName = WishList;
			productReference = 1B80F18A2F40A5F2009A1234 /* WishList.app */;
			productType = "com.apple.product-type.application";
		};
		1B80F1992F40A5F5009A1234 /* WishListTests */ = {
			isa = PBXNativeTarget;
			buildConfigurationList = 1B80F1B12F40A5F5009A1234 /* Build configuration list for PBXNativeTarget "WishListTests" */;
			buildPhases = (
				1B80F1962F40A5F5009A1234 /* Sources */,
				1B80F1972F40A5F5009A1234 /* Frameworks */,
				1B80F1982F40A5F5009A1234 /* Resources */,
			);
			buildRules = (
			);
			dependencies = (
				1B80F19C2F40A5F5009A1234 /* PBXTargetDependency */,
			);
			name = WishListTests;
			productName = WishListTests;
			productReference = 1B80F19A2F40A5F5009A1234 /* WishListTests.xctest */;
			productType = "com.apple.product-type.bundle.unit-test";
		};
/* End PBXNativeTarget section */

/* Begin PBXProject section */
		1B80F1822F40A5F2009A1234 /* Project object */ = {
			isa = PBXProject;
			attributes = {
				BuildIndependentTargetsInParallel = 1;
				LastSwiftUpdateCheck = 1520;
				LastUpgradeCheck = 1520;
				TargetAttributes = {
					1B80F1892F40A5F2009A1234 = {
						CreatedOnToolsVersion = 15.2;
					};
					1B80F1992F40A5F5009A1234 = {
						CreatedOnToolsVersion = 15.2;
						TestTargetID = 1B80F1892F40A5F2009A1234;
					};
				};
			};
			buildConfigurationList = 1B80F1852F40A5F2009A1234 /* Build configuration list for PBXProject "WishList" */;
			compatibilityVersion = "Xcode 14.0";
			developmentRegion = en;
			hasScannedForEncodings = 0;
			knownRegions = (
				en,
				Base,
			);
			mainGroup = 1B80F1812F40A5F2009A1234;
			productRefGroup = 1B80F18B2F40A5F2009A1234 /* Products */;
			projectDirPath = "";
			projectRoot = "";
			targets = (
				1B80F1892F40A5F2009A1234 /* WishList */,
				1B80F1992F40A5F5009A1234 /* WishListTests */,
			);
		};
/* End PBXProject section */

/* Begin PBXResourcesBuildPhase section */
		1B80F1882F40A5F2009A1234 /* Resources */ = {
			isa = PBXResourcesBuildPhase;
			buildActionMask = 2147483647;
			files = (
				1B80F1C62F411E84009A1234 /* offerings.json in Resources */,
				1B80F1952F40A5F4009A1234 /* Preview Assets.xcassets in Resources */,
				1B80F1922F40A5F4009A1234 /* Assets.xcassets in Resources */,
			);
			runOnlyForDeploymentPostprocessing = 0;
		};
		1B80F1982F40A5F5009A1234 /* Resources */ = {
			isa = PBXResourcesBuildPhase;
			buildActionMask = 2147483647;
			files = (
			);
			runOnlyForDeploymentPostprocessing = 0;
		};
/* End PBXResourcesBuildPhase section */

/* Begin PBXSourcesBuildPhase section */
		1B80F1862F40A5F2009A1234 /* Sources */ = {
			isa = PBXSourcesBuildPhase;
			buildActionMask = 2147483647;
			files = (
				1B43ED5D2F43E32C00122AE3 /* MockAttraction.swift in Sources */,
				1B80F1BE2F411C18009A1234 /* AttractionDetailView.swift in Sources */,
				1B80F1902F40A5F2009A1234 /* WishListView.swift in Sources */,
				1B80F1CE2F41204A009A1234 /* AttractionDataLoader.swift in Sources */,
				1B80F1D42F412970009A1234 /* Attraction.swift in Sources */,
				1B43ED512F43D36000122AE3 /* AppError.swift in Sources */,
				1B43ED4D2F43CC2400122AE3 /* AttractionMapper.swift in Sources */,
				1B80F1D22F412658009A1234 /* AttractionType.swift in Sources */,
				1B80F1B82F411B5B009A1234 /* OfferingsResponse.swift in Sources */,
				1B80F1BC2F411BE5009A1234 /* AttractionCardView.swift in Sources */,
				1B43ED552F43D99100122AE3 /* WishListManagerProtocol.swift in Sources */,
				1B80F1D82F41441E009A1234 /* WishListCardView.swift in Sources */,
				1B80F1D02F4122FE009A1234 /* Currency.swift in Sources */,
				1B80F1BA2F411BC6009A1234 /* WishListManager.swift in Sources */,
				1B80F18E2F40A5F2009A1234 /* WishListApp.swift in Sources */,
				1B80F1C22F411D44009A1234 /* AttractionsListView.swift in Sources */,
				1B43ED4B2F43B41500122AE3 /* AttractionImageView.swift in Sources */,
				1B80F1D62F4143AF009A1234 /* EmptyWishListView.swift in Sources */,
			);
			runOnlyForDeploymentPostprocessing = 0;
		};
		1B80F1962F40A5F5009A1234 /* Sources */ = {
			isa = PBXSourcesBuildPhase;
			buildActionMask = 2147483647;
			files = (
				1B80F19F2F40A5F5009A1234 /* WishListManagerTests.swift in Sources */,
			);
			runOnlyForDeploymentPostprocessing = 0;
		};
/* End PBXSourcesBuildPhase section */

/* Begin PBXTargetDependency section */
		1B80F19C2F40A5F5009A1234 /* PBXTargetDependency */ = {
			isa = PBXTargetDependency;
			target = 1B80F1892F40A5F2009A1234 /* WishList */;
			targetProxy = 1B80F19B2F40A5F5009A1234 /* PBXContainerItemProxy */;
		};
/* End PBXTargetDependency section */

/* Begin XCBuildConfiguration section */
		1B80F1AC2F40A5F5009A1234 /* Debug */ = {
			isa = XCBuildConfiguration;
			buildSettings = {
				ALWAYS_SEARCH_USER_PATHS = NO;
				ASSETCATALOG_COMPILER_GENERATE_SWIFT_ASSET_SYMBOL_EXTENSIONS = YES;
				CLANG_ANALYZER_NONNULL = YES;
				CLANG_ANALYZER_NUMBER_OBJECT_CONVERSION = YES_AGGRESSIVE;
				CLANG_CXX_LANGUAGE_STANDARD = "gnu++20";
				CLANG_ENABLE_MODULES = YES;
				CLANG_ENABLE_OBJC_ARC = YES;
				CLANG_ENABLE_OBJC_WEAK = YES;
				CLANG_WARN_BLOCK_CAPTURE_AUTORELEASING = YES;
				CLANG_WARN_BOOL_CONVERSION = YES;
				CLANG_WARN_COMMA = YES;
				CLANG_WARN_CONSTANT_CONVERSION = YES;
				CLANG_WARN_DEPRECATED_OBJC_IMPLEMENTATIONS = YES;
				CLANG_WARN_DIRECT_OBJC_ISA_USAGE = YES_ERROR;
				CLANG_WARN_DOCUMENTATION_COMMENTS = YES;
				CLANG_WARN_EMPTY_BODY = YES;
				CLANG_WARN_ENUM_CONVERSION = YES;
				CLANG_WARN_INFINITE_RECURSION = YES;
				CLANG_WARN_INT_CONVERSION = YES;
				CLANG_WARN_NON_LITERAL_NULL_CONVERSION = YES;
				CLANG_WARN_OBJC_IMPLICIT_RETAIN_SELF = YES;
				CLANG_WARN_OBJC_LITERAL_CONVERSION = YES;
				CLANG_WARN_OBJC_ROOT_CLASS = YES_ERROR;
				CLANG_WARN_QUOTED_INCLUDE_IN_FRAMEWORK_HEADER = YES;
				CLANG_WARN_RANGE_LOOP_ANALYSIS = YES;
				CLANG_WARN_STRICT_PROTOTYPES = YES;
				CLANG_WARN_SUSPICIOUS_MOVE = YES;
				CLANG_WARN_UNGUARDED_AVAILABILITY = YES_AGGRESSIVE;
				CLANG_WARN_UNREACHABLE_CODE = YES;
				CLANG_WARN__DUPLICATE_METHOD_MATCH = YES;
				COPY_PHASE_STRIP = NO;
				DEBUG_INFORMATION_FORMAT = dwarf;
				ENABLE_STRICT_OBJC_MSGSEND = YES;
				ENABLE_TESTABILITY = YES;
				ENABLE_USER_SCRIPT_SANDBOXING = YES;
				GCC_C_LANGUAGE_STANDARD = gnu17;
				GCC_DYNAMIC_NO_PIC = NO;
				GCC_NO_COMMON_BLOCKS = YES;
				GCC_OPTIMIZATION_LEVEL = 0;
				GCC_PREPROCESSOR_DEFINITIONS = (
					"DEBUG=1",
					"$(inherited)",
				);
				GCC_WARN_64_TO_32_BIT_CONVERSION = YES;
				GCC_WARN_ABOUT_RETURN_TYPE = YES_ERROR;
				GCC_WARN_UNDECLARED_SELECTOR = YES;
				GCC_WARN_UNINITIALIZED_AUTOS = YES_AGGRESSIVE;
				GCC_WARN_UNUSED_FUNCTION = YES;
				GCC_WARN_UNUSED_VARIABLE = YES;
				IPHONEOS_DEPLOYMENT_TARGET = 17.2;
				LOCALIZATION_PREFERS_STRING_CATALOGS = YES;
				MTL_ENABLE_DEBUG_INFO = INCLUDE_SOURCE;
				MTL_FAST_MATH = YES;
				ONLY_ACTIVE_ARCH = YES;
				SDKROOT = iphoneos;
				SWIFT_ACTIVE_COMPILATION_CONDITIONS = "DEBUG $(inherited)";
				SWIFT_OPTIMIZATION_LEVEL = "-Onone";
			};
			name = Debug;
		};
		1B80F1AD2F40A5F5009A1234 /* Release */ = {
			isa = XCBuildConfiguration;
			buildSettings = {
				ALWAYS_SEARCH_USER_PATHS = NO;
				ASSETCATALOG_COMPILER_GENERATE_SWIFT_ASSET_SYMBOL_EXTENSIONS = YES;
				CLANG_ANALYZER_NONNULL = YES;
				CLANG_ANALYZER_NUMBER_OBJECT_CONVERSION = YES_AGGRESSIVE;
				CLANG_CXX_LANGUAGE_STANDARD = "gnu++20";
				CLANG_ENABLE_MODULES = YES;
				CLANG_ENABLE_OBJC_ARC = YES;
				CLANG_ENABLE_OBJC_WEAK = YES;
				CLANG_WARN_BLOCK_CAPTURE_AUTORELEASING = YES;
				CLANG_WARN_BOOL_CONVERSION = YES;
				CLANG_WARN_COMMA = YES;
				CLANG_WARN_CONSTANT_CONVERSION = YES;
				CLANG_WARN_DEPRECATED_OBJC_IMPLEMENTATIONS = YES;
				CLANG_WARN_DIRECT_OBJC_ISA_USAGE = YES_ERROR;
				CLANG_WARN_DOCUMENTATION_COMMENTS = YES;
				CLANG_WARN_EMPTY_BODY = YES;
				CLANG_WARN_ENUM_CONVERSION = YES;
				CLANG_WARN_INFINITE_RECURSION = YES;
				CLANG_WARN_INT_CONVERSION = YES;
				CLANG_WARN_NON_LITERAL_NULL_CONVERSION = YES;
				CLANG_WARN_OBJC_IMPLICIT_RETAIN_SELF = YES;
				CLANG_WARN_OBJC_LITERAL_CONVERSION = YES;
				CLANG_WARN_OBJC_ROOT_CLASS = YES_ERROR;
				CLANG_WARN_QUOTED_INCLUDE_IN_FRAMEWORK_HEADER = YES;
				CLANG_WARN_RANGE_LOOP_ANALYSIS = YES;
				CLANG_WARN_STRICT_PROTOTYPES = YES;
				CLANG_WARN_SUSPICIOUS_MOVE = YES;
				CLANG_WARN_UNGUARDED_AVAILABILITY = YES_AGGRESSIVE;
				CLANG_WARN_UNREACHABLE_CODE = YES;
				CLANG_WARN__DUPLICATE_METHOD_MATCH = YES;
				COPY_PHASE_STRIP = NO;
				DEBUG_INFORMATION_FORMAT = "dwarf-with-dsym";
				ENABLE_NS_ASSERTIONS = NO;
				ENABLE_STRICT_OBJC_MSGSEND = YES;
				ENABLE_USER_SCRIPT_SANDBOXING = YES;
				GCC_C_LANGUAGE_STANDARD = gnu17;
				GCC_NO_COMMON_BLOCKS = YES;
				GCC_WARN_64_TO_32_BIT_CONVERSION = YES;
				GCC_WARN_ABOUT_RETURN_TYPE = YES_ERROR;
				GCC_WARN_UNDECLARED_SELECTOR = YES;
				GCC_WARN_UNINITIALIZED_AUTOS = YES_AGGRESSIVE;
				GCC_WARN_UNUSED_FUNCTION = YES;
				GCC_WARN_UNUSED_VARIABLE = YES;
				IPHONEOS_DEPLOYMENT_TARGET = 17.2;
				LOCALIZATION_PREFERS_STRING_CATALOGS = YES;
				MTL_ENABLE_DEBUG_INFO = NO;
				MTL_FAST_MATH = YES;
				SDKROOT = iphoneos;
				SWIFT_COMPILATION_MODE = wholemodule;
				VALIDATE_PRODUCT = YES;
			};
			name = Release;
		};
		1B80F1AF2F40A5F5009A1234 /* Debug */ = {
			isa = XCBuildConfiguration;
			buildSettings = {
				ASSETCATALOG_COMPILER_APPICON_NAME = AppIcon;
				ASSETCATALOG_COMPILER_GLOBAL_ACCENT_COLOR_NAME = AccentColor;
				CODE_SIGN_STYLE = Automatic;
				CURRENT_PROJECT_VERSION = 1;
				DEVELOPMENT_ASSET_PATHS = "\"WishList/Preview Content\"";
				DEVELOPMENT_TEAM = K2L5MUD8VH;
				ENABLE_PREVIEWS = YES;
				GENERATE_INFOPLIST_FILE = YES;
				INFOPLIST_KEY_UIApplicationSceneManifest_Generation = YES;
				INFOPLIST_KEY_UIApplicationSupportsIndirectInputEvents = YES;
				INFOPLIST_KEY_UILaunchScreen_Generation = YES;
				INFOPLIST_KEY_UISupportedInterfaceOrientations_iPad = "UIInterfaceOrientationPortrait UIInterfaceOrientationPortraitUpsideDown UIInterfaceOrientationLandscapeLeft UIInterfaceOrientationLandscapeRight";
				INFOPLIST_KEY_UISupportedInterfaceOrientations_iPhone = "UIInterfaceOrientationPortrait UIInterfaceOrientationLandscapeLeft UIInterfaceOrientationLandscapeRight";
				LD_RUNPATH_SEARCH_PATHS = (
					"$(inherited)",
					"@executable_path/Frameworks",
				);
				MARKETING_VERSION = 1.0;
				PRODUCT_BUNDLE_IDENTIFIER = com.jessicajesus.WishList;
				PRODUCT_NAME = "$(TARGET_NAME)";
				SWIFT_EMIT_LOC_STRINGS = YES;
				SWIFT_VERSION = 5.0;
				TARGETED_DEVICE_FAMILY = "1,2";
			};
			name = Debug;
		};
		1B80F1B02F40A5F5009A1234 /* Release */ = {
			isa = XCBuildConfiguration;
			buildSettings = {
				ASSETCATALOG_COMPILER_APPICON_NAME = AppIcon;
				ASSETCATALOG_COMPILER_GLOBAL_ACCENT_COLOR_NAME = AccentColor;
				CODE_SIGN_STYLE = Automatic;
				CURRENT_PROJECT_VERSION = 1;
				DEVELOPMENT_ASSET_PATHS = "\"WishList/Preview Content\"";
				DEVELOPMENT_TEAM = K2L5MUD8VH;
				ENABLE_PREVIEWS = YES;
				GENERATE_INFOPLIST_FILE = YES;
				INFOPLIST_KEY_UIApplicationSceneManifest_Generation = YES;
				INFOPLIST_KEY_UIApplicationSupportsIndirectInputEvents = YES;
				INFOPLIST_KEY_UILaunchScreen_Generation = YES;
				INFOPLIST_KEY_UISupportedInterfaceOrientations_iPad = "UIInterfaceOrientationPortrait UIInterfaceOrientationPortraitUpsideDown UIInterfaceOrientationLandscapeLeft UIInterfaceOrientationLandscapeRight";
				INFOPLIST_KEY_UISupportedInterfaceOrientations_iPhone = "UIInterfaceOrientationPortrait UIInterfaceOrientationLandscapeLeft UIInterfaceOrientationLandscapeRight";
				LD_RUNPATH_SEARCH_PATHS = (
					"$(inherited)",
					"@executable_path/Frameworks",
				);
				MARKETING_VERSION = 1.0;
				PRODUCT_BUNDLE_IDENTIFIER = com.jessicajesus.WishList;
				PRODUCT_NAME = "$(TARGET_NAME)";
				SWIFT_EMIT_LOC_STRINGS = YES;
				SWIFT_VERSION = 5.0;
				TARGETED_DEVICE_FAMILY = "1,2";
			};
			name = Release;
		};
		1B80F1B22F40A5F5009A1234 /* Debug */ = {
			isa = XCBuildConfiguration;
			buildSettings = {
				ALWAYS_EMBED_SWIFT_STANDARD_LIBRARIES = YES;
				BUNDLE_LOADER = "$(TEST_HOST)";
				CODE_SIGN_STYLE = Automatic;
				CURRENT_PROJECT_VERSION = 1;
				DEVELOPMENT_TEAM = K2L5MUD8VH;
				GENERATE_INFOPLIST_FILE = YES;
				IPHONEOS_DEPLOYMENT_TARGET = 17.2;
				MARKETING_VERSION = 1.0;
				PRODUCT_BUNDLE_IDENTIFIER = com.jessicajesus.WishListTests;
				PRODUCT_NAME = "$(TARGET_NAME)";
				SWIFT_EMIT_LOC_STRINGS = NO;
				SWIFT_VERSION = 5.0;
				TARGETED_DEVICE_FAMILY = "1,2";
				TEST_HOST = "$(BUILT_PRODUCTS_DIR)/WishList.app/$(BUNDLE_EXECUTABLE_FOLDER_PATH)/WishList";
			};
			name = Debug;
		};
		1B80F1B32F40A5F5009A1234 /* Release */ = {
			isa = XCBuildConfiguration;
			buildSettings = {
				ALWAYS_EMBED_SWIFT_STANDARD_LIBRARIES = YES;
				BUNDLE_LOADER = "$(TEST_HOST)";
				CODE_SIGN_STYLE = Automatic;
				CURRENT_PROJECT_VERSION = 1;
				DEVELOPMENT_TEAM = K2L5MUD8VH;
				GENERATE_INFOPLIST_FILE = YES;
				IPHONEOS_DEPLOYMENT_TARGET = 17.2;
				MARKETING_VERSION = 1.0;
				PRODUCT_BUNDLE_IDENTIFIER = com.jessicajesus.WishListTests;
				PRODUCT_NAME = "$(TARGET_NAME)";
				SWIFT_EMIT_LOC_STRINGS = NO;
				SWIFT_VERSION = 5.0;
				TARGETED_DEVICE_FAMILY = "1,2";
				TEST_HOST = "$(BUILT_PRODUCTS_DIR)/WishList.app/$(BUNDLE_EXECUTABLE_FOLDER_PATH)/WishList";
			};
			name = Release;
		};
/* End XCBuildConfiguration section */

/* Begin XCConfigurationList section */
		1B80F1852F40A5F2009A1234 /* Build configuration list for PBXProject "WishList" */ = {
			isa = XCConfigurationList;
			buildConfigurations = (
				1B80F1AC2F40A5F5009A1234 /* Debug */,
				1B80F1AD2F40A5F5009A1234 /* Release */,
			);
			defaultConfigurationIsVisible = 0;
			defaultConfigurationName = Release;
		};
		1B80F1AE2F40A5F5009A1234 /* Build configuration list for PBXNativeTarget "WishList" */ = {
			isa = XCConfigurationList;
			buildConfigurations = (
				1B80F1AF2F40A5F5009A1234 /* Debug */,
				1B80F1B02F40A5F5009A1234 /* Release */,
			);
			defaultConfigurationIsVisible = 0;
			defaultConfigurationName = Release;
		};
		1B80F1B12F40A5F5009A1234 /* Build configuration list for PBXNativeTarget "WishListTests" */ = {
			isa = XCConfigurationList;
			buildConfigurations = (
				1B80F1B22F40A5F5009A1234 /* Debug */,
				1B80F1B32F40A5F5009A1234 /* Release */,
			);
			defaultConfigurationIsVisible = 0;
			defaultConfigurationName = Release;
		};
/* End XCConfigurationList section */
	};
	rootObject = 1B80F1822F40A5F2009A1234 /* Project object */;
}
